
Microsoft Visual Studio Solution File, Format Version 12.00
# Visual Studio 14
VisualStudioVersion = 14.0.25420.1
MinimumVisualStudioVersion = 10.0.40219.1
Project("{2150E333-8FDC-42A3-9474-1A3956D46DE8}") = "src", "src", "{BDB4B5DC-B9DB-4966-83F4-1BEE95792E8F}"
EndProject
Project("{2150E333-8FDC-42A3-9474-1A3956D46DE8}") = "Solution Items", "Solution Items", "{FDAF029C-4A61-4310-A5EC-AB268CBF561D}"
	ProjectSection(SolutionItems) = preProject
		global.json = global.json
	EndProjectSection
EndProject
Project("{8BB2217D-0F2D-49D1-97BC-3654ED321F3B}") = "WebApi", "src\WebApi\WebApi.xproj", "{3A27E382-29A5-409C-9389-AD1AC93AE5D7}"
EndProject
Project("{8BB2217D-0F2D-49D1-97BC-3654ED321F3B}") = "Services", "src\Services\Services.xproj", "{73A5D63D-B2D8-4154-9E44-B8C465AF22EB}"
EndProject
Global
	GlobalSection(SolutionConfigurationPlatforms) = preSolution
		Debug|Any CPU = Debug|Any CPU
		Release|Any CPU = Release|Any CPU
	EndGlobalSection
	GlobalSection(ProjectConfigurationPlatforms) = postSolution
		{3A27E382-29A5-409C-9389-AD1AC93AE5D7}.Debug|Any CPU.ActiveCfg = Debug|Any CPU
		{3A27E382-29A5-409C-9389-AD1AC93AE5D7}.Debug|Any CPU.Build.0 = Debug|Any CPU
		{3A27E382-29A5-409C-9389-AD1AC93AE5D7}.Release|Any CPU.ActiveCfg = Release|Any CPU
		{3A27E382-29A5-409C-9389-AD1AC93AE5D7}.Release|Any CPU.Build.0 = Release|Any CPU
		{73A5D63D-B2D8-4154-9E44-B8C465AF22EB}.Debug|Any CPU.ActiveCfg = Debug|Any CPU
		{73A5D63D-B2D8-4154-9E44-B8C465AF22EB}.Debug|Any CPU.Build.0 = Debug|Any CPU
		{73A5D63D-B2D8-4154-9E44-B8C465AF22EB}.Release|Any CPU.ActiveCfg = Release|Any CPU
		{73A5D63D-B2D8-4154-9E44-B8C465AF22EB}.Release|Any CPU.Build.0 = Release|Any CPU
	EndGlobalSection
	GlobalSection(SolutionProperties) = preSolution
		HideSolutionNode = FALSE
	EndGlobalSection
	GlobalSection(NestedProjects) = preSolution
		{3A27E382-29A5-409C-9389-AD1AC93AE5D7} = {BDB4B5DC-B9DB-4966-83F4-1BEE95792E8F}
		{73A5D63D-B2D8-4154-9E44-B8C465AF22EB} = {BDB4B5DC-B9DB-4966-83F4-1BEE95792E8F}
	EndGlobalSection
EndGlobal
